{
  "name": "kaltura-agentic-quickstart",
  "version": "1.0.0",
  "lockfileVersion": 3,
  "requires": true,
  "packages": {
    "": {
      "name": "kaltura-agentic-quickstart",
      "version": "1.0.0",
      "dependencies": {
        "@kaltura/intelligent-agents": "file:.."
      }
    },
    "..": {
      "name": "@kaltura/intelligent-agents",
      "version": "1.0.0",
      "license": "MIT",
      "engines": {
        "node": ">=18"
      }
    },
    "node_modules/@kaltura/intelligent-agents": {
      "resolved": "..",
      "link": true
    }
  }
}
